// !$*UTF8*$!
{
	archiveVersion = 1;
	classes = {
	};
	objectVersion = 77;
	objects = {

/* Begin PBXBuildFile section */
		CEF9FA342DEE4CB300C948E1 /* ScreenTimeReporter.appex in Embed ExtensionKit Extensions */ = {isa = PBXBuildFile; fileRef = CEF9FA282DEE4CB300C948E1 /* ScreenTimeReporter.appex */; settings = {ATTRIBUTES = (RemoveHeadersOnCopy, ); }; };
/* End PBXBuildFile section */

/* Begin PBXContainerItemProxy section */
		CE66BB032DED511B00138AEC /* PBXContainerItemProxy */ = {
			isa = PBXContainerItemProxy;
			containerPortal = CE66BAED2DED511A00138AEC /* Project object */;
			proxyType = 1;
			remoteGlobalIDString = CE66BAF42DED511A00138AEC;
			remoteInfo = TimeBlock;
		};
		CE66BB0D2DED511B00138AEC /* PBXContainerItemProxy */ = {
			isa = PBXContainerItemProxy;
			containerPortal = CE66BAED2DED511A00138AEC /* Project object */;
			proxyType = 1;
			remoteGlobalIDString = CE66BAF42DED511A00138AEC;
			remoteInfo = TimeBlock;
		};
		CEF9FA322DEE4CB300C948E1 /* PBXContainerItemProxy */ = {
			isa = PBXContainerItemProxy;
			containerPortal = CE66BAED2DED511A00138AEC /* Project object */;
			proxyType = 1;
			remoteGlobalIDString = CEF9FA272DEE4CB300C948E1;
			remoteInfo = ScreenTimeReporter;
		};
/* End PBXContainerItemProxy section */

/* Begin PBXCopyFilesBuildPhase section */
		CEF9FA392DEE4CB300C948E1 /* Embed ExtensionKit Extensions */ = {
			isa = PBXCopyFilesBuildPhase;
			buildActionMask = 2147483647;
			dstPath = "$(EXTENSIONS_FOLDER_PATH)";
			dstSubfolderSpec = 16;
			files = (
				CEF9FA342DEE4CB300C948E1 /* ScreenTimeReporter.appex in Embed ExtensionKit Extensions */,
			);
			name = "Embed ExtensionKit Extensions";
			runOnlyForDeploymentPostprocessing = 0;
		};
/* End PBXCopyFilesBuildPhase section */

/* Begin PBXFileReference section */
		CE66BAF52DED511A00138AEC /* TimeBlock.app */ = {isa = PBXFileReference; explicitFileType = wrapper.application; includeInIndex = 0; path = TimeBlock.app; sourceTree = BUILT_PRODUCTS_DIR; };
		CE66BB022DED511B00138AEC /* TimeBlockTests.xctest */ = {isa = PBXFileReference; explicitFileType = wrapper.cfbundle; includeInIndex = 0; path = TimeBlockTests.xctest; sourceTree = BUILT_PRODUCTS_DIR; };
		CE66BB0C2DED511B00138AEC /* TimeBlockUITests.xctest */ = {isa = PBXFileReference; explicitFileType = wrapper.cfbundle; includeInIndex = 0; path = TimeBlockUITests.xctest; sourceTree = BUILT_PRODUCTS_DIR; };
		CEF9FA282DEE4CB300C948E1 /* ScreenTimeReporter.appex */ = {isa = PBXFileReference; explicitFileType = "wrapper.extensionkit-extension"; includeInIndex = 0; path = ScreenTimeReporter.appex; sourceTree = BUILT_PRODUCTS_DIR; };
/* End PBXFileReference section */

/* Begin PBXFileSystemSynchronizedBuildFileExceptionSet section */
		CEF9FA352DEE4CB300C948E1 /* Exceptions for "ScreenTimeReporter" folder in "ScreenTimeReporter" target */ = {
			isa = PBXFileSystemSynchronizedBuildFileExceptionSet;
			membershipExceptions = (
				Info.plist,
			);
			target = CEF9FA272DEE4CB300C948E1 /* ScreenTimeReporter */;
		};
		CEF9FA3B2DEE78B800C948E1 /* Exceptions for "ScreenTimeReporter" folder in "TimeBlock" target */ = {
			isa = PBXFileSystemSynchronizedBuildFileExceptionSet;
			membershipExceptions = (
				TotalActivityView.swift,
			);
			target = CE66BAF42DED511A00138AEC /* TimeBlock */;
		};
/* End PBXFileSystemSynchronizedBuildFileExceptionSet section */

/* Begin PBXFileSystemSynchronizedRootGroup section */
		CE66BAF72DED511A00138AEC /* TimeBlock */ = {
			isa = PBXFileSystemSynchronizedRootGroup;
			path = TimeBlock;
			sourceTree = "<group>";
		};
		CE66BB052DED511B00138AEC /* TimeBlockTests */ = {
			isa = PBXFileSystemSynchronizedRootGroup;
			path = TimeBlockTests;
			sourceTree = "<group>";
		};
		CE66BB0F2DED511B00138AEC /* TimeBlockUITests */ = {
			isa = PBXFileSystemSynchronizedRootGroup;
			path = TimeBlockUITests;
			sourceTree = "<group>";
		};
		CEF9FA292DEE4CB300C948E1 /* ScreenTimeReporter */ = {
			isa = PBXFileSystemSynchronizedRootGroup;
			exceptions = (
				CEF9FA3B2DEE78B800C948E1 /* Exceptions for "ScreenTimeReporter" folder in "TimeBlock" target */,
				CEF9FA352DEE4CB300C948E1 /* Exceptions for "ScreenTimeReporter" folder in "ScreenTimeReporter" target */,
			);
			path = ScreenTimeReporter;
			sourceTree = "<group>";
		};
/* End PBXFileSystemSynchronizedRootGroup section */

/* Begin PBXFrameworksBuildPhase section */
		CE66BAF22DED511A00138AEC /* Frameworks */ = {
			isa = PBXFrameworksBuildPhase;
			buildActionMask = 2147483647;
			files = (
			);
			runOnlyForDeploymentPostprocessing = 0;
		};
		CE66BAFF2DED511B00138AEC /* Frameworks */ = {
			isa = PBXFrameworksBuildPhase;
			buildActionMask = 2147483647;
			files = (
			);
			runOnlyForDeploymentPostprocessing = 0;
		};
		CE66BB092DED511B00138AEC /* Frameworks */ = {
			isa = PBXFrameworksBuildPhase;
			buildActionMask = 2147483647;
			files = (
			);
			runOnlyForDeploymentPostprocessing = 0;
		};
		CEF9FA252DEE4CB300C948E1 /* Frameworks */ = {
			isa = PBXFrameworksBuildPhase;
			buildActionMask = 2147483647;
			files = (
			);
			runOnlyForDeploymentPostprocessing = 0;
		};
/* End PBXFrameworksBuildPhase section */

/* Begin PBXGroup section */
		CE66BAEC2DED511A00138AEC = {
			isa = PBXGroup;
			children = (
				CE66BAF72DED511A00138AEC /* TimeBlock */,
				CE66BB052DED511B00138AEC /* TimeBlockTests */,
				CE66BB0F2DED511B00138AEC /* TimeBlockUITests */,
				CEF9FA292DEE4CB300C948E1 /* ScreenTimeReporter */,
				CE66BAF62DED511A00138AEC /* Products */,
			);
			sourceTree = "<group>";
		};
		CE66BAF62DED511A00138AEC /* Products */ = {
			isa = PBXGroup;
			children = (
				CE66BAF52DED511A00138AEC /* TimeBlock.app */,
				CE66BB022DED511B00138AEC /* TimeBlockTests.xctest */,
				CE66BB0C2DED511B00138AEC /* TimeBlockUITests.xctest */,
				CEF9FA282DEE4CB300C948E1 /* ScreenTimeReporter.appex */,
			);
			name = Products;
			sourceTree = "<group>";
		};
/* End PBXGroup section */

/* Begin PBXNativeTarget section */
		CE66BAF42DED511A00138AEC /* TimeBlock */ = {
			isa = PBXNativeTarget;
			buildConfigurationList = CE66BB162DED511B00138AEC /* Build configuration list for PBXNativeTarget "TimeBlock" */;
			buildPhases = (
				CE66BAF12DED511A00138AEC /* Sources */,
				CE66BAF22DED511A00138AEC /* Frameworks */,
				CE66BAF32DED511A00138AEC /* Resources */,
				CEF9FA392DEE4CB300C948E1 /* Embed ExtensionKit Extensions */,
			);
			buildRules = (
			);
			dependencies = (
				CEF9FA332DEE4CB300C948E1 /* PBXTargetDependency */,
			);
			fileSystemSynchronizedGroups = (
				CE66BAF72DED511A00138AEC /* TimeBlock */,
			);
			name = TimeBlock;
			packageProductDependencies = (
			);
			productName = TimeBlock;
			productReference = CE66BAF52DED511A00138AEC /* TimeBlock.app */;
			productType = "com.apple.product-type.application";
		};
		CE66BB012DED511B00138AEC /* TimeBlockTests */ = {
			isa = PBXNativeTarget;
			buildConfigurationList = CE66BB192DED511B00138AEC /* Build configuration list for PBXNativeTarget "TimeBlockTests" */;
			buildPhases = (
				CE66BAFE2DED511B00138AEC /* Sources */,
				CE66BAFF2DED511B00138AEC /* Frameworks */,
				CE66BB002DED511B00138AEC /* Resources */,
			);
			buildRules = (
			);
			dependencies = (
				CE66BB042DED511B00138AEC /* PBXTargetDependency */,
			);
			fileSystemSynchronizedGroups = (
				CE66BB052DED511B00138AEC /* TimeBlockTests */,
			);
			name = TimeBlockTests;
			packageProductDependencies = (
			);
			productName = TimeBlockTests;
			productReference = CE66BB022DED511B00138AEC /* TimeBlockTests.xctest */;
			productType = "com.apple.product-type.bundle.unit-test";
		};
		CE66BB0B2DED511B00138AEC /* TimeBlockUITests */ = {
			isa = PBXNativeTarget;
			buildConfigurationList = CE66BB1C2DED511B00138AEC /* Build configuration list for PBXNativeTarget "TimeBlockUITests" */;
			buildPhases = (
				CE66BB082DED511B00138AEC /* Sources */,
				CE66BB092DED511B00138AEC /* Frameworks */,
				CE66BB0A2DED511B00138AEC /* Resources */,
			);
			buildRules = (
			);
			dependencies = (
				CE66BB0E2DED511B00138AEC /* PBXTargetDependency */,
			);
			fileSystemSynchronizedGroups = (
				CE66BB0F2DED511B00138AEC /* TimeBlockUITests */,
			);
			name = TimeBlockUITests;
			packageProductDependencies = (
			);
			productName = TimeBlockUITests;
			productReference = CE66BB0C2DED511B00138AEC /* TimeBlockUITests.xctest */;
			productType = "com.apple.product-type.bundle.ui-testing";
		};
		CEF9FA272DEE4CB300C948E1 /* ScreenTimeReporter */ = {
			isa = PBXNativeTarget;
			buildConfigurationList = CEF9FA362DEE4CB300C948E1 /* Build configuration list for PBXNativeTarget "ScreenTimeReporter" */;
			buildPhases = (
				CEF9FA242DEE4CB300C948E1 /* Sources */,
				CEF9FA252DEE4CB300C948E1 /* Frameworks */,
				CEF9FA262DEE4CB300C948E1 /* Resources */,
			);
			buildRules = (
			);
			dependencies = (
			);
			fileSystemSynchronizedGroups = (
				CEF9FA292DEE4CB300C948E1 /* ScreenTimeReporter */,
			);
			name = ScreenTimeReporter;
			packageProductDependencies = (
			);
			productName = ScreenTimeReporter;
			productReference = CEF9FA282DEE4CB300C948E1 /* ScreenTimeReporter.appex */;
			productType = "com.apple.product-type.extensionkit-extension";
		};
/* End PBXNativeTarget section */

/* Begin PBXProject section */
		CE66BAED2DED511A00138AEC /* Project object */ = {
			isa = PBXProject;
			attributes = {
				BuildIndependentTargetsInParallel = 1;
				LastSwiftUpdateCheck = 1630;
				LastUpgradeCheck = 1630;
				TargetAttributes = {
					CE66BAF42DED511A00138AEC = {
						CreatedOnToolsVersion = 16.3;
					};
					CE66BB012DED511B00138AEC = {
						CreatedOnToolsVersion = 16.3;
						TestTargetID = CE66BAF42DED511A00138AEC;
					};
					CE66BB0B2DED511B00138AEC = {
						CreatedOnToolsVersion = 16.3;
						TestTargetID = CE66BAF42DED511A00138AEC;
					};
					CEF9FA272DEE4CB300C948E1 = {
						CreatedOnToolsVersion = 16.3;
					};
				};
			};
			buildConfigurationList = CE66BAF02DED511A00138AEC /* Build configuration list for PBXProject "TimeBlock" */;
			developmentRegion = en;
			hasScannedForEncodings = 0;
			knownRegions = (
				en,
				Base,
			);
			mainGroup = CE66BAEC2DED511A00138AEC;
			minimizedProjectReferenceProxies = 1;
			preferredProjectObjectVersion = 77;
			productRefGroup = CE66BAF62DED511A00138AEC /* Products */;
			projectDirPath = "";
			projectRoot = "";
			targets = (
				CE66BAF42DED511A00138AEC /* TimeBlock */,
				CE66BB012DED511B00138AEC /* TimeBlockTests */,
				CE66BB0B2DED511B00138AEC /* TimeBlockUITests */,
				CEF9FA272DEE4CB300C948E1 /* ScreenTimeReporter */,
			);
		};
/* End PBXProject section */

/* Begin PBXResourcesBuildPhase section */
		CE66BAF32DED511A00138AEC /* Resources */ = {
			isa = PBXResourcesBuildPhase;
			buildActionMask = 2147483647;
			files = (
			);
			runOnlyForDeploymentPostprocessing = 0;
		};
		CE66BB002DED511B00138AEC /* Resources */ = {
			isa = PBXResourcesBuildPhase;
			buildActionMask = 2147483647;
			files = (
			);
			runOnlyForDeploymentPostprocessing = 0;
		};
		CE66BB0A2DED511B00138AEC /* Resources */ = {
			isa = PBXResourcesBuildPhase;
			buildActionMask = 2147483647;
			files = (
			);
			runOnlyForDeploymentPostprocessing = 0;
		};
		CEF9FA262DEE4CB300C948E1 /* Resources */ = {
			isa = PBXResourcesBuildPhase;
			buildActionMask = 2147483647;
			files = (
			);
			runOnlyForDeploymentPostprocessing = 0;
		};
/* End PBXResourcesBuildPhase section */

/* Begin PBXSourcesBuildPhase section */
		CE66BAF12DED511A00138AEC /* Sources */ = {
			isa = PBXSourcesBuildPhase;
			buildActionMask = 2147483647;
			files = (
			);
			runOnlyForDeploymentPostprocessing = 0;
		};
		CE66BAFE2DED511B00138AEC /* Sources */ = {
			isa = PBXSourcesBuildPhase;
			buildActionMask = 2147483647;
			files = (
			);
			runOnlyForDeploymentPostprocessing = 0;
		};
		CE66BB082DED511B00138AEC /* Sources */ = {
			isa = PBXSourcesBuildPhase;
			buildActionMask = 2147483647;
			files = (
			);
			runOnlyForDeploymentPostprocessing = 0;
		};
		CEF9FA242DEE4CB300C948E1 /* Sources */ = {
			isa = PBXSourcesBuildPhase;
			buildActionMask = 2147483647;
			files = (
			);
			runOnlyForDeploymentPostprocessing = 0;
		};
/* End PBXSourcesBuildPhase section */

/* Begin PBXTargetDependency section */
		CE66BB042DED511B00138AEC /* PBXTargetDependency */ = {
			isa = PBXTargetDependency;
			target = CE66BAF42DED511A00138AEC /* TimeBlock */;
			targetProxy = CE66BB032DED511B00138AEC /* PBXContainerItemProxy */;
		};
		CE66BB0E2DED511B00138AEC /* PBXTargetDependency */ = {
			isa = PBXTargetDependency;
			target = CE66BAF42DED511A00138AEC /* TimeBlock */;
			targetProxy = CE66BB0D2DED511B00138AEC /* PBXContainerItemProxy */;
		};
		CEF9FA332DEE4CB300C948E1 /* PBXTargetDependency */ = {
			isa = PBXTargetDependency;
			target = CEF9FA272DEE4CB300C948E1 /* ScreenTimeReporter */;
			targetProxy = CEF9FA322DEE4CB300C948E1 /* PBXContainerItemProxy */;
		};
/* End PBXTargetDependency section */

/* Begin XCBuildConfiguration section */
		CE66BB142DED511B00138AEC /* Debug */ = {
			isa = XCBuildConfiguration;
			buildSettings = {
				ALWAYS_SEARCH_USER_PATHS = NO;
				ASSETCATALOG_COMPILER_GENERATE_SWIFT_ASSET_SYMBOL_EXTENSIONS = YES;
				CLANG_ANALYZER_NONNULL = YES;
				CLANG_ANALYZER_NUMBER_OBJECT_CONVERSION = YES_AGGRESSIVE;
				CLANG_CXX_LANGUAGE_STANDARD = "gnu++20";
				CLANG_ENABLE_MODULES = YES;
				CLANG_ENABLE_OBJC_ARC = YES;
				CLANG_ENABLE_OBJC_WEAK = YES;
				CLANG_WARN_BLOCK_CAPTURE_AUTORELEASING = YES;
				CLANG_WARN_BOOL_CONVERSION = YES;
				CLANG_WARN_COMMA = YES;
				CLANG_WARN_CONSTANT_CONVERSION = YES;
				CLANG_WARN_DEPRECATED_OBJC_IMPLEMENTATIONS = YES;
				CLANG_WARN_DIRECT_OBJC_ISA_USAGE = YES_ERROR;
				CLANG_WARN_DOCUMENTATION_COMMENTS = YES;
				CLANG_WARN_EMPTY_BODY = YES;
				CLANG_WARN_ENUM_CONVERSION = YES;
				CLANG_WARN_INFINITE_RECURSION = YES;
				CLANG_WARN_INT_CONVERSION = YES;
				CLANG_WARN_NON_LITERAL_NULL_CONVERSION = YES;
				CLANG_WARN_OBJC_IMPLICIT_RETAIN_SELF = YES;
				CLANG_WARN_OBJC_LITERAL_CONVERSION = YES;
				CLANG_WARN_OBJC_ROOT_CLASS = YES_ERROR;
				CLANG_WARN_QUOTED_INCLUDE_IN_FRAMEWORK_HEADER = YES;
				CLANG_WARN_RANGE_LOOP_ANALYSIS = YES;
				CLANG_WARN_STRICT_PROTOTYPES = YES;
				CLANG_WARN_SUSPICIOUS_MOVE = YES;
				CLANG_WARN_UNGUARDED_AVAILABILITY = YES_AGGRESSIVE;
				CLANG_WARN_UNREACHABLE_CODE = YES;
				CLANG_WARN__DUPLICATE_METHOD_MATCH = YES;
				COPY_PHASE_STRIP = NO;
				DEBUG_INFORMATION_FORMAT = dwarf;
				ENABLE_STRICT_OBJC_MSGSEND = YES;
				ENABLE_TESTABILITY = YES;
				ENABLE_USER_SCRIPT_SANDBOXING = YES;
				GCC_C_LANGUAGE_STANDARD = gnu17;
				GCC_DYNAMIC_NO_PIC = NO;
				GCC_NO_COMMON_BLOCKS = YES;
				GCC_OPTIMIZATION_LEVEL = 0;
				GCC_PREPROCESSOR_DEFINITIONS = (
					"DEBUG=1",
					"$(inherited)",
				);
				GCC_WARN_64_TO_32_BIT_CONVERSION = YES;
				GCC_WARN_ABOUT_RETURN_TYPE = YES_ERROR;
				GCC_WARN_UNDECLARED_SELECTOR = YES;
				GCC_WARN_UNINITIALIZED_AUTOS = YES_AGGRESSIVE;
				GCC_WARN_UNUSED_FUNCTION = YES;
				GCC_WARN_UNUSED_VARIABLE = YES;
				IPHONEOS_DEPLOYMENT_TARGET = 18.4;
				LOCALIZATION_PREFERS_STRING_CATALOGS = YES;
				MTL_ENABLE_DEBUG_INFO = INCLUDE_SOURCE;
				MTL_FAST_MATH = YES;
				ONLY_ACTIVE_ARCH = YES;
				SDKROOT = iphoneos;
				SWIFT_ACTIVE_COMPILATION_CONDITIONS = "DEBUG $(inherited)";
				SWIFT_OPTIMIZATION_LEVEL = "-Onone";
			};
			name = Debug;
		};
		CE66BB152DED511B00138AEC /* Release */ = {
			isa = XCBuildConfiguration;
			buildSettings = {
				ALWAYS_SEARCH_USER_PATHS = NO;
				ASSETCATALOG_COMPILER_GENERATE_SWIFT_ASSET_SYMBOL_EXTENSIONS = YES;
				CLANG_ANALYZER_NONNULL = YES;
				CLANG_ANALYZER_NUMBER_OBJECT_CONVERSION = YES_AGGRESSIVE;
				CLANG_CXX_LANGUAGE_STANDARD = "gnu++20";
				CLANG_ENABLE_MODULES = YES;
				CLANG_ENABLE_OBJC_ARC = YES;
				CLANG_ENABLE_OBJC_WEAK = YES;
				CLANG_WARN_BLOCK_CAPTURE_AUTORELEASING = YES;
				CLANG_WARN_BOOL_CONVERSION = YES;
				CLANG_WARN_COMMA = YES;
				CLANG_WARN_CONSTANT_CONVERSION = YES;
				CLANG_WARN_DEPRECATED_OBJC_IMPLEMENTATIONS = YES;
				CLANG_WARN_DIRECT_OBJC_ISA_USAGE = YES_ERROR;
				CLANG_WARN_DOCUMENTATION_COMMENTS = YES;
				CLANG_WARN_EMPTY_BODY = YES;
				CLANG_WARN_ENUM_CONVERSION = YES;
				CLANG_WARN_INFINITE_RECURSION = YES;
				CLANG_WARN_INT_CONVERSION = YES;
				CLANG_WARN_NON_LITERAL_NULL_CONVERSION = YES;
				CLANG_WARN_OBJC_IMPLICIT_RETAIN_SELF = YES;
				CLANG_WARN_OBJC_LITERAL_CONVERSION = YES;
				CLANG_WARN_OBJC_ROOT_CLASS = YES_ERROR;
				CLANG_WARN_QUOTED_INCLUDE_IN_FRAMEWORK_HEADER = YES;
				CLANG_WARN_RANGE_LOOP_ANALYSIS = YES;
				CLANG_WARN_STRICT_PROTOTYPES = YES;
				CLANG_WARN_SUSPICIOUS_MOVE = YES;
				CLANG_WARN_UNGUARDED_AVAILABILITY = YES_AGGRESSIVE;
				CLANG_WARN_UNREACHABLE_CODE = YES;
				CLANG_WARN__DUPLICATE_METHOD_MATCH = YES;
				COPY_PHASE_STRIP = NO;
				DEBUG_INFORMATION_FORMAT = "dwarf-with-dsym";
				ENABLE_NS_ASSERTIONS = NO;
				ENABLE_STRICT_OBJC_MSGSEND = YES;
				ENABLE_USER_SCRIPT_SANDBOXING = YES;
				GCC_C_LANGUAGE_STANDARD = gnu17;
				GCC_NO_COMMON_BLOCKS = YES;
				GCC_WARN_64_TO_32_BIT_CONVERSION = YES;
				GCC_WARN_ABOUT_RETURN_TYPE = YES_ERROR;
				GCC_WARN_UNDECLARED_SELECTOR = YES;
				GCC_WARN_UNINITIALIZED_AUTOS = YES_AGGRESSIVE;
				GCC_WARN_UNUSED_FUNCTION = YES;
				GCC_WARN_UNUSED_VARIABLE = YES;
				IPHONEOS_DEPLOYMENT_TARGET = 18.4;
				LOCALIZATION_PREFERS_STRING_CATALOGS = YES;
				MTL_ENABLE_DEBUG_INFO = NO;
				MTL_FAST_MATH = YES;
				SDKROOT = iphoneos;
				SWIFT_COMPILATION_MODE = wholemodule;
				VALIDATE_PRODUCT = YES;
			};
			name = Release;
		};
		CE66BB172DED511B00138AEC /* Debug */ = {
			isa = XCBuildConfiguration;
			buildSettings = {
				ASSETCATALOG_COMPILER_APPICON_NAME = AppIcon;
				ASSETCATALOG_COMPILER_GLOBAL_ACCENT_COLOR_NAME = AccentColor;
				CODE_SIGN_ENTITLEMENTS = TimeBlock/TimeBlock.entitlements;
				CODE_SIGN_STYLE = Automatic;
				CURRENT_PROJECT_VERSION = 1;
				DEVELOPMENT_TEAM = P6PV2R9443;
				ENABLE_PREVIEWS = YES;
				GENERATE_INFOPLIST_FILE = YES;
				INFOPLIST_KEY_UIApplicationSceneManifest_Generation = YES;
				INFOPLIST_KEY_UIApplicationSupportsIndirectInputEvents = YES;
				INFOPLIST_KEY_UILaunchScreen_Generation = YES;
				INFOPLIST_KEY_UISupportedInterfaceOrientations_iPad = "UIInterfaceOrientationPortrait UIInterfaceOrientationPortraitUpsideDown UIInterfaceOrientationLandscapeLeft UIInterfaceOrientationLandscapeRight";
				INFOPLIST_KEY_UISupportedInterfaceOrientations_iPhone = "UIInterfaceOrientationPortrait UIInterfaceOrientationLandscapeLeft UIInterfaceOrientationLandscapeRight";
				IPHONEOS_DEPLOYMENT_TARGET = 16.6;
				LD_RUNPATH_SEARCH_PATHS = (
					"$(inherited)",
					"@executable_path/Frameworks",
				);
				MARKETING_VERSION = 1.0;
				PRODUCT_BUNDLE_IDENTIFIER = Yuvraj.TimeBlock;
				PRODUCT_NAME = "$(TARGET_NAME)";
				SWIFT_EMIT_LOC_STRINGS = YES;
				SWIFT_VERSION = 5.0;
				TARGETED_DEVICE_FAMILY = "1,2";
			};
			name = Debug;
		};
		CE66BB182DED511B00138AEC /* Release */ = {
			isa = XCBuildConfiguration;
			buildSettings = {
				ASSETCATALOG_COMPILER_APPICON_NAME = AppIcon;
				ASSETCATALOG_COMPILER_GLOBAL_ACCENT_COLOR_NAME = AccentColor;
				CODE_SIGN_ENTITLEMENTS = TimeBlock/TimeBlock.entitlements;
				CODE_SIGN_STYLE = Automatic;
				CURRENT_PROJECT_VERSION = 1;
				DEVELOPMENT_TEAM = P6PV2R9443;
				ENABLE_PREVIEWS = YES;
				GENERATE_INFOPLIST_FILE = YES;
				INFOPLIST_KEY_UIApplicationSceneManifest_Generation = YES;
				INFOPLIST_KEY_UIApplicationSupportsIndirectInputEvents = YES;
				INFOPLIST_KEY_UILaunchScreen_Generation = YES;
				INFOPLIST_KEY_UISupportedInterfaceOrientations_iPad = "UIInterfaceOrientationPortrait UIInterfaceOrientationPortraitUpsideDown UIInterfaceOrientationLandscapeLeft UIInterfaceOrientationLandscapeRight";
				INFOPLIST_KEY_UISupportedInterfaceOrientations_iPhone = "UIInterfaceOrientationPortrait UIInterfaceOrientationLandscapeLeft UIInterfaceOrientationLandscapeRight";
				IPHONEOS_DEPLOYMENT_TARGET = 16.6;
				LD_RUNPATH_SEARCH_PATHS = (
					"$(inherited)",
					"@executable_path/Frameworks",
				);
				MARKETING_VERSION = 1.0;
				PRODUCT_BUNDLE_IDENTIFIER = Yuvraj.TimeBlock;
				PRODUCT_NAME = "$(TARGET_NAME)";
				SWIFT_EMIT_LOC_STRINGS = YES;
				SWIFT_VERSION = 5.0;
				TARGETED_DEVICE_FAMILY = "1,2";
			};
			name = Release;
		};
		CE66BB1A2DED511B00138AEC /* Debug */ = {
			isa = XCBuildConfiguration;
			buildSettings = {
				BUNDLE_LOADER = "$(TEST_HOST)";
				CODE_SIGN_STYLE = Automatic;
				CURRENT_PROJECT_VERSION = 1;
				DEVELOPMENT_TEAM = P6PV2R9443;
				GENERATE_INFOPLIST_FILE = YES;
				IPHONEOS_DEPLOYMENT_TARGET = 18.4;
				MARKETING_VERSION = 1.0;
				PRODUCT_BUNDLE_IDENTIFIER = Something.TimeBlockTests;
				PRODUCT_NAME = "$(TARGET_NAME)";
				SWIFT_EMIT_LOC_STRINGS = NO;
				SWIFT_VERSION = 5.0;
				TARGETED_DEVICE_FAMILY = "1,2";
				TEST_HOST = "$(BUILT_PRODUCTS_DIR)/TimeBlock.app/$(BUNDLE_EXECUTABLE_FOLDER_PATH)/TimeBlock";
			};
			name = Debug;
		};
		CE66BB1B2DED511B00138AEC /* Release */ = {
			isa = XCBuildConfiguration;
			buildSettings = {
				BUNDLE_LOADER = "$(TEST_HOST)";
				CODE_SIGN_STYLE = Automatic;
				CURRENT_PROJECT_VERSION = 1;
				DEVELOPMENT_TEAM = P6PV2R9443;
				GENERATE_INFOPLIST_FILE = YES;
				IPHONEOS_DEPLOYMENT_TARGET = 18.4;
				MARKETING_VERSION = 1.0;
				PRODUCT_BUNDLE_IDENTIFIER = Something.TimeBlockTests;
				PRODUCT_NAME = "$(TARGET_NAME)";
				SWIFT_EMIT_LOC_STRINGS = NO;
				SWIFT_VERSION = 5.0;
				TARGETED_DEVICE_FAMILY = "1,2";
				TEST_HOST = "$(BUILT_PRODUCTS_DIR)/TimeBlock.app/$(BUNDLE_EXECUTABLE_FOLDER_PATH)/TimeBlock";
			};
			name = Release;
		};
		CE66BB1D2DED511B00138AEC /* Debug */ = {
			isa = XCBuildConfiguration;
			buildSettings = {
				CODE_SIGN_STYLE = Automatic;
				CURRENT_PROJECT_VERSION = 1;
				DEVELOPMENT_TEAM = P6PV2R9443;
				GENERATE_INFOPLIST_FILE = YES;
				MARKETING_VERSION = 1.0;
				PRODUCT_BUNDLE_IDENTIFIER = Something.TimeBlockUITests;
				PRODUCT_NAME = "$(TARGET_NAME)";
				SWIFT_EMIT_LOC_STRINGS = NO;
				SWIFT_VERSION = 5.0;
				TARGETED_DEVICE_FAMILY = "1,2";
				TEST_TARGET_NAME = TimeBlock;
			};
			name = Debug;
		};
		CE66BB1E2DED511B00138AEC /* Release */ = {
			isa = XCBuildConfiguration;
			buildSettings = {
				CODE_SIGN_STYLE = Automatic;
				CURRENT_PROJECT_VERSION = 1;
				DEVELOPMENT_TEAM = P6PV2R9443;
				GENERATE_INFOPLIST_FILE = YES;
				MARKETING_VERSION = 1.0;
				PRODUCT_BUNDLE_IDENTIFIER = Something.TimeBlockUITests;
				PRODUCT_NAME = "$(TARGET_NAME)";
				SWIFT_EMIT_LOC_STRINGS = NO;
				SWIFT_VERSION = 5.0;
				TARGETED_DEVICE_FAMILY = "1,2";
				TEST_TARGET_NAME = TimeBlock;
			};
			name = Release;
		};
		CEF9FA372DEE4CB300C948E1 /* Debug */ = {
			isa = XCBuildConfiguration;
			buildSettings = {
				CODE_SIGN_ENTITLEMENTS = ScreenTimeReporter/ScreenTimeReporter.entitlements;
				CODE_SIGN_STYLE = Automatic;
				CURRENT_PROJECT_VERSION = 1;
				DEVELOPMENT_TEAM = P6PV2R9443;
				GENERATE_INFOPLIST_FILE = YES;
				INFOPLIST_FILE = ScreenTimeReporter/Info.plist;
				INFOPLIST_KEY_CFBundleDisplayName = ScreenTimeReporter;
				INFOPLIST_KEY_NSHumanReadableCopyright = "";
				LD_RUNPATH_SEARCH_PATHS = (
					"$(inherited)",
					"@executable_path/Frameworks",
					"@executable_path/../../Frameworks",
				);
				MARKETING_VERSION = 1.0;
				PRODUCT_BUNDLE_IDENTIFIER = Yuvraj.TimeBlock.ScreenTimeReporter;
				PRODUCT_NAME = "$(TARGET_NAME)";
				SKIP_INSTALL = YES;
				SWIFT_EMIT_LOC_STRINGS = YES;
				SWIFT_VERSION = 5.0;
				TARGETED_DEVICE_FAMILY = "1,2";
			};
			name = Debug;
		};
		CEF9FA382DEE4CB300C948E1 /* Release */ = {
			isa = XCBuildConfiguration;
			buildSettings = {
				CODE_SIGN_ENTITLEMENTS = ScreenTimeReporter/ScreenTimeReporter.entitlements;
				CODE_SIGN_STYLE = Automatic;
				CURRENT_PROJECT_VERSION = 1;
				DEVELOPMENT_TEAM = P6PV2R9443;
				GENERATE_INFOPLIST_FILE = YES;
				INFOPLIST_FILE = ScreenTimeReporter/Info.plist;
				INFOPLIST_KEY_CFBundleDisplayName = ScreenTimeReporter;
				INFOPLIST_KEY_NSHumanReadableCopyright = "";
				LD_RUNPATH_SEARCH_PATHS = (
					"$(inherited)",
					"@executable_path/Frameworks",
					"@executable_path/../../Frameworks",
				);
				MARKETING_VERSION = 1.0;
				PRODUCT_BUNDLE_IDENTIFIER = Yuvraj.TimeBlock.ScreenTimeReporter;
				PRODUCT_NAME = "$(TARGET_NAME)";
				SKIP_INSTALL = YES;
				SWIFT_EMIT_LOC_STRINGS = YES;
				SWIFT_VERSION = 5.0;
				TARGETED_DEVICE_FAMILY = "1,2";
			};
			name = Release;
		};
/* End XCBuildConfiguration section */

/* Begin XCConfigurationList section */
		CE66BAF02DED511A00138AEC /* Build configuration list for PBXProject "TimeBlock" */ = {
			isa = XCConfigurationList;
			buildConfigurations = (
				CE66BB142DED511B00138AEC /* Debug */,
				CE66BB152DED511B00138AEC /* Release */,
			);
			defaultConfigurationIsVisible = 0;
			defaultConfigurationName = Release;
		};
		CE66BB162DED511B00138AEC /* Build configuration list for PBXNativeTarget "TimeBlock" */ = {
			isa = XCConfigurationList;
			buildConfigurations = (
				CE66BB172DED511B00138AEC /* Debug */,
				CE66BB182DED511B00138AEC /* Release */,
			);
			defaultConfigurationIsVisible = 0;
			defaultConfigurationName = Release;
		};
		CE66BB192DED511B00138AEC /* Build configuration list for PBXNativeTarget "TimeBlockTests" */ = {
			isa = XCConfigurationList;
			buildConfigurations = (
				CE66BB1A2DED511B00138AEC /* Debug */,
				CE66BB1B2DED511B00138AEC /* Release */,
			);
			defaultConfigurationIsVisible = 0;
			defaultConfigurationName = Release;
		};
		CE66BB1C2DED511B00138AEC /* Build configuration list for PBXNativeTarget "TimeBlockUITests" */ = {
			isa = XCConfigurationList;
			buildConfigurations = (
				CE66BB1D2DED511B00138AEC /* Debug */,
				CE66BB1E2DED511B00138AEC /* Release */,
			);
			defaultConfigurationIsVisible = 0;
			defaultConfigurationName = Release;
		};
		CEF9FA362DEE4CB300C948E1 /* Build configuration list for PBXNativeTarget "ScreenTimeReporter" */ = {
			isa = XCConfigurationList;
			buildConfigurations = (
				CEF9FA372DEE4CB300C948E1 /* Debug */,
				CEF9FA382DEE4CB300C948E1 /* Release */,
			);
			defaultConfigurationIsVisible = 0;
			defaultConfigurationName = Release;
		};
/* End XCConfigurationList section */
	};
	rootObject = CE66BAED2DED511A00138AEC /* Project object */;
}
